# THIS IS AN AUTOGENERATED FILE. DO NOT EDIT THIS FILE DIRECTLY.
# yarn lockfile v1


"@excalidraw/excalidraw@^0.17.6":
  version "0.17.6"
  resolved "https://registry.npmjs.org/@excalidraw/excalidraw/-/excalidraw-0.17.6.tgz"
  integrity sha512-fyCl+zG/Z5yhHDh5Fq2ZGmphcrALmuOdtITm8gN4d8w4ntnaopTXcTfnAAaU3VleDC6LhTkoLOTG6P5kgREiIg==

fractional-indexing@^3.2.0:
  version "3.2.0"
  resolved "https://registry.npmjs.org/fractional-indexing/-/fractional-indexing-3.2.0.tgz"
  integrity sha512-PcOxmqwYCW7O2ovKRU8OoQQj2yqTfEB/yeTYk4gPid6dN5ODRfU1hXd9tTVZzax/0NkO7AxpHykvZnT1aYp/BQ==

isomorphic.js@^0.2.4:
  version "0.2.5"
  resolved "https://registry.npmjs.org/isomorphic.js/-/isomorphic.js-0.2.5.tgz"
  integrity sha512-PIeMbHqMt4DnUP3MA/Flc0HElYjMXArsw1qwJZcm9sqR8mq3l8NYizFMty0pWwE/tzIGH3EKK5+jes5mAr85yw==

"js-tokens@^3.0.0 || ^4.0.0":
  version "4.0.0"
  resolved "https://registry.npmjs.org/js-tokens/-/js-tokens-4.0.0.tgz"
  integrity sha512-RdJUflcE3cUzKiMqQgsCu06FPu9UdIJO0beYbPhHN4k6apgJtifcoCtT9bcxOpYBtpD2kCM6Sbzg4CausW/PKQ==

lib0@^0.2.85, lib0@^0.2.86:
  version "0.2.98"
  resolved "https://registry.npmjs.org/lib0/-/lib0-0.2.98.tgz"
  integrity sha512-XteTiNO0qEXqqweWx+b21p/fBnNHUA1NwAtJNJek1oPrewEZs2uiT4gWivHKr9GqCjDPAhchz0UQO8NwU3bBNA==
  dependencies:
    isomorphic.js "^0.2.4"

loose-envify@^1.1.0:
  version "1.4.0"
  resolved "https://registry.npmjs.org/loose-envify/-/loose-envify-1.4.0.tgz"
  integrity sha512-lyuxPGr/Wfhrlem2CL/UcnUc1zcqKAImBDzukY7Y5F/yQiNdko6+fRLevlw1HgMySw7f611UIY408EtxRSoK3Q==
  dependencies:
    js-tokens "^3.0.0 || ^4.0.0"

"react-dom@^17.0.2 || ^18.2.0":
  version "18.3.1"
  resolved "https://registry.npmjs.org/react-dom/-/react-dom-18.3.1.tgz"
  integrity sha512-5m4nQKp+rZRb09LNH59GM4BxTh9251/ylbKIbpe7TpGxfJ+9kv6BLkLBXIjjspbgbnIBNqlI23tRnTWT0snUIw==
  dependencies:
    loose-envify "^1.1.0"
    scheduler "^0.23.2"

"react@^17.0.2 || ^18.2.0", react@^18.3.1:
  version "18.3.1"
  resolved "https://registry.npmjs.org/react/-/react-18.3.1.tgz"
  integrity sha512-wS+hAgJShR0KhEvPJArfuPVN1+Hz1t0Y6n5jLrGQbkb4urgPE/0Rve+1kMB1v/oWgHgm4WIcV+i7F2pTVj+2iQ==
  dependencies:
    loose-envify "^1.1.0"

scheduler@^0.23.2:
  version "0.23.2"
  resolved "https://registry.npmjs.org/scheduler/-/scheduler-0.23.2.tgz"
  integrity sha512-UOShsPwz7NrMUqhR6t0hWjFduvOzbtv7toDH1/hIrfRNIDBnnBWd0CwJTGvTpngVlmwGCdP9/Zl/tVrDqcuYzQ==
  dependencies:
    loose-envify "^1.1.0"

typescript@^5.0.0:
  version "5.6.3"
  resolved "https://registry.npmjs.org/typescript/-/typescript-5.6.3.tgz"
  integrity sha512-hjcS1mhfuyi4WW8IWtjP7brDrG2cuDZukyrYrSauoXGNgx0S7zceP07adYkJycEr56BOUTNPzbInooiN3fn1qw==

y-protocols@^1.0.6:
  version "1.0.6"
  resolved "https://registry.npmjs.org/y-protocols/-/y-protocols-1.0.6.tgz"
  integrity sha512-vHRF2L6iT3rwj1jub/K5tYcTT/mEYDUppgNPXwp8fmLpui9f7Yeq3OEtTLVF012j39QnV+KEQpNqoN7CWU7Y9Q==
  dependencies:
    lib0 "^0.2.85"

yjs@^13.0.0, yjs@^13.6.19:
  version "13.6.19"
  resolved "https://registry.npmjs.org/yjs/-/yjs-13.6.19.tgz"
  integrity sha512-GNKw4mEUn5yWU2QPHRx8jppxmCm9KzbBhB4qJLUJFiiYD0g/tDVgXQ7aPkyh01YO28kbs2J/BEbWBagjuWyejw==
  dependencies:
    lib0 "^0.2.86"
